
Microsoft Visual Studio Solution File, Format Version 12.00
# Visual Studio 15
VisualStudioVersion = 15.0.26430.16
MinimumVisualStudioVersion = 10.0.40219.1
Project("{FAE04EC0-301F-11D3-BF4B-00C04F79EFBC}") = "ForeignExchangeWin1.Android", "ForeignExchangeWin1\ForeignExchangeWin1.Android\ForeignExchangeWin1.Android.csproj", "{9D05CA2D-6F35-462E-8E66-3DD0BA0DF529}"
EndProject
Project("{FAE04EC0-301F-11D3-BF4B-00C04F79EFBC}") = "ForeignExchangeWin1", "ForeignExchangeWin1\ForeignExchangeWin1\ForeignExchangeWin1.csproj", "{ADC73624-0A41-4509-8EAF-7D6E148085A0}"
EndProject
Project("{FAE04EC0-301F-11D3-BF4B-00C04F79EFBC}") = "ForeignExchangeWin1.UWP", "ForeignExchangeWin1\ForeignExchangeWin1.UWP\ForeignExchangeWin1.UWP.csproj", "{9EE634FB-AA72-4B7E-96AE-93BD248CD889}"
EndProject
Project("{FAE04EC0-301F-11D3-BF4B-00C04F79EFBC}") = "ForeignExchangeWin1.iOS", "ForeignExchangeWin1\ForeignExchangeWin1.iOS\ForeignExchangeWin1.iOS.csproj", "{3533AC2C-FB20-4618-84E1-F54AC34FBAFE}"
EndProject
Global
	GlobalSection(SolutionConfigurationPlatforms) = preSolution
		Ad-Hoc|Any CPU = Ad-Hoc|Any CPU
		Ad-Hoc|ARM = Ad-Hoc|ARM
		Ad-Hoc|iPhone = Ad-Hoc|iPhone
		Ad-Hoc|iPhoneSimulator = Ad-Hoc|iPhoneSimulator
		Ad-Hoc|x64 = Ad-Hoc|x64
		Ad-Hoc|x86 = Ad-Hoc|x86
		AppStore|Any CPU = AppStore|Any CPU
		AppStore|ARM = AppStore|ARM
		AppStore|iPhone = AppStore|iPhone
		AppStore|iPhoneSimulator = AppStore|iPhoneSimulator
		AppStore|x64 = AppStore|x64
		AppStore|x86 = AppStore|x86
		Debug|Any CPU = Debug|Any CPU
		Debug|ARM = Debug|ARM
		Debug|iPhone = Debug|iPhone
		Debug|iPhoneSimulator = Debug|iPhoneSimulator
		Debug|x64 = Debug|x64
		Debug|x86 = Debug|x86
		Release|Any CPU = Release|Any CPU
		Release|ARM = Release|ARM
		Release|iPhone = Release|iPhone
		Release|iPhoneSimulator = Release|iPhoneSimulator
		Release|x64 = Release|x64
		Release|x86 = Release|x86
	EndGlobalSection
	GlobalSection(ProjectConfigurationPlatforms) = postSolution
		{9D05CA2D-6F35-462E-8E66-3DD0BA0DF529}.Ad-Hoc|Any CPU.ActiveCfg = Release|Any CPU
		{9D05CA2D-6F35-462E-8E66-3DD0BA0DF529}.Ad-Hoc|Any CPU.Build.0 = Release|Any CPU
		{9D05CA2D-6F35-462E-8E66-3DD0BA0DF529}.Ad-Hoc|Any CPU.Deploy.0 = Release|Any CPU
		{9D05CA2D-6F35-462E-8E66-3DD0BA0DF529}.Ad-Hoc|ARM.ActiveCfg = Release|Any CPU
		{9D05CA2D-6F35-462E-8E66-3DD0BA0DF529}.Ad-Hoc|ARM.Build.0 = Release|Any CPU
		{9D05CA2D-6F35-462E-8E66-3DD0BA0DF529}.Ad-Hoc|ARM.Deploy.0 = Release|Any CPU
		{9D05CA2D-6F35-462E-8E66-3DD0BA0DF529}.Ad-Hoc|iPhone.ActiveCfg = Release|Any CPU
		{9D05CA2D-6F35-462E-8E66-3DD0BA0DF529}.Ad-Hoc|iPhone.Build.0 = Release|Any CPU
		{9D05CA2D-6F35-462E-8E66-3DD0BA0DF529}.Ad-Hoc|iPhone.Deploy.0 = Release|Any CPU
		{9D05CA2D-6F35-462E-8E66-3DD0BA0DF529}.Ad-Hoc|iPhoneSimulator.ActiveCfg = Release|Any CPU
		{9D05CA2D-6F35-462E-8E66-3DD0BA0DF529}.Ad-Hoc|iPhoneSimulator.Build.0 = Release|Any CPU
		{9D05CA2D-6F35-462E-8E66-3DD0BA0DF529}.Ad-Hoc|iPhoneSimulator.Deploy.0 = Release|Any CPU
		{9D05CA2D-6F35-462E-8E66-3DD0BA0DF529}.Ad-Hoc|x64.ActiveCfg = Release|Any CPU
		{9D05CA2D-6F35-462E-8E66-3DD0BA0DF529}.Ad-Hoc|x64.Build.0 = Release|Any CPU
		{9D05CA2D-6F35-462E-8E66-3DD0BA0DF529}.Ad-Hoc|x64.Deploy.0 = Release|Any CPU
		{9D05CA2D-6F35-462E-8E66-3DD0BA0DF529}.Ad-Hoc|x86.ActiveCfg = Release|Any CPU
		{9D05CA2D-6F35-462E-8E66-3DD0BA0DF529}.Ad-Hoc|x86.Build.0 = Release|Any CPU
		{9D05CA2D-6F35-462E-8E66-3DD0BA0DF529}.Ad-Hoc|x86.Deploy.0 = Release|Any CPU
		{9D05CA2D-6F35-462E-8E66-3DD0BA0DF529}.AppStore|Any CPU.ActiveCfg = Release|Any CPU
		{9D05CA2D-6F35-462E-8E66-3DD0BA0DF529}.AppStore|Any CPU.Build.0 = Release|Any CPU
		{9D05CA2D-6F35-462E-8E66-3DD0BA0DF529}.AppStore|Any CPU.Deploy.0 = Release|Any CPU
		{9D05CA2D-6F35-462E-8E66-3DD0BA0DF529}.AppStore|ARM.ActiveCfg = Release|Any CPU
		{9D05CA2D-6F35-462E-8E66-3DD0BA0DF529}.AppStore|ARM.Build.0 = Release|Any CPU
		{9D05CA2D-6F35-462E-8E66-3DD0BA0DF529}.AppStore|ARM.Deploy.0 = Release|Any CPU
		{9D05CA2D-6F35-462E-8E66-3DD0BA0DF529}.AppStore|iPhone.ActiveCfg = Release|Any CPU
		{9D05CA2D-6F35-462E-8E66-3DD0BA0DF529}.AppStore|iPhone.Build.0 = Release|Any CPU
		{9D05CA2D-6F35-462E-8E66-3DD0BA0DF529}.AppStore|iPhone.Deploy.0 = Release|Any CPU
		{9D05CA2D-6F35-462E-8E66-3DD0BA0DF529}.AppStore|iPhoneSimulator.ActiveCfg = Release|Any CPU
		{9D05CA2D-6F35-462E-8E66-3DD0BA0DF529}.AppStore|iPhoneSimulator.Build.0 = Release|Any CPU
		{9D05CA2D-6F35-462E-8E66-3DD0BA0DF529}.AppStore|iPhoneSimulator.Deploy.0 = Release|Any CPU
		{9D05CA2D-6F35-462E-8E66-3DD0BA0DF529}.AppStore|x64.ActiveCfg = Release|Any CPU
		{9D05CA2D-6F35-462E-8E66-3DD0BA0DF529}.AppStore|x64.Build.0 = Release|Any CPU
		{9D05CA2D-6F35-462E-8E66-3DD0BA0DF529}.AppStore|x64.Deploy.0 = Release|Any CPU
		{9D05CA2D-6F35-462E-8E66-3DD0BA0DF529}.AppStore|x86.ActiveCfg = Release|Any CPU
		{9D05CA2D-6F35-462E-8E66-3DD0BA0DF529}.AppStore|x86.Build.0 = Release|Any CPU
		{9D05CA2D-6F35-462E-8E66-3DD0BA0DF529}.AppStore|x86.Deploy.0 = Release|Any CPU
		{9D05CA2D-6F35-462E-8E66-3DD0BA0DF529}.Debug|Any CPU.ActiveCfg = Debug|Any CPU
		{9D05CA2D-6F35-462E-8E66-3DD0BA0DF529}.Debug|Any CPU.Build.0 = Debug|Any CPU
		{9D05CA2D-6F35-462E-8E66-3DD0BA0DF529}.Debug|Any CPU.Deploy.0 = Debug|Any CPU
		{9D05CA2D-6F35-462E-8E66-3DD0BA0DF529}.Debug|ARM.ActiveCfg = Debug|Any CPU
		{9D05CA2D-6F35-462E-8E66-3DD0BA0DF529}.Debug|ARM.Build.0 = Debug|Any CPU
		{9D05CA2D-6F35-462E-8E66-3DD0BA0DF529}.Debug|ARM.Deploy.0 = Debug|Any CPU
		{9D05CA2D-6F35-462E-8E66-3DD0BA0DF529}.Debug|iPhone.ActiveCfg = Debug|Any CPU
		{9D05CA2D-6F35-462E-8E66-3DD0BA0DF529}.Debug|iPhone.Build.0 = Debug|Any CPU
		{9D05CA2D-6F35-462E-8E66-3DD0BA0DF529}.Debug|iPhone.Deploy.0 = Debug|Any CPU
		{9D05CA2D-6F35-462E-8E66-3DD0BA0DF529}.Debug|iPhoneSimulator.ActiveCfg = Debug|Any CPU
		{9D05CA2D-6F35-462E-8E66-3DD0BA0DF529}.Debug|iPhoneSimulator.Build.0 = Debug|Any CPU
		{9D05CA2D-6F35-462E-8E66-3DD0BA0DF529}.Debug|iPhoneSimulator.Deploy.0 = Debug|Any CPU
		{9D05CA2D-6F35-462E-8E66-3DD0BA0DF529}.Debug|x64.ActiveCfg = Debug|Any CPU
		{9D05CA2D-6F35-462E-8E66-3DD0BA0DF529}.Debug|x64.Build.0 = Debug|Any CPU
		{9D05CA2D-6F35-462E-8E66-3DD0BA0DF529}.Debug|x64.Deploy.0 = Debug|Any CPU
		{9D05CA2D-6F35-462E-8E66-3DD0BA0DF529}.Debug|x86.ActiveCfg = Debug|Any CPU
		{9D05CA2D-6F35-462E-8E66-3DD0BA0DF529}.Debug|x86.Build.0 = Debug|Any CPU
		{9D05CA2D-6F35-462E-8E66-3DD0BA0DF529}.Debug|x86.Deploy.0 = Debug|Any CPU
		{9D05CA2D-6F35-462E-8E66-3DD0BA0DF529}.Release|Any CPU.ActiveCfg = Release|Any CPU
		{9D05CA2D-6F35-462E-8E66-3DD0BA0DF529}.Release|Any CPU.Build.0 = Release|Any CPU
		{9D05CA2D-6F35-462E-8E66-3DD0BA0DF529}.Release|Any CPU.Deploy.0 = Release|Any CPU
		{9D05CA2D-6F35-462E-8E66-3DD0BA0DF529}.Release|ARM.ActiveCfg = Release|Any CPU
		{9D05CA2D-6F35-462E-8E66-3DD0BA0DF529}.Release|ARM.Build.0 = Release|Any CPU
		{9D05CA2D-6F35-462E-8E66-3DD0BA0DF529}.Release|ARM.Deploy.0 = Release|Any CPU
		{9D05CA2D-6F35-462E-8E66-3DD0BA0DF529}.Release|iPhone.ActiveCfg = Release|Any CPU
		{9D05CA2D-6F35-462E-8E66-3DD0BA0DF529}.Release|iPhone.Build.0 = Release|Any CPU
		{9D05CA2D-6F35-462E-8E66-3DD0BA0DF529}.Release|iPhone.Deploy.0 = Release|Any CPU
		{9D05CA2D-6F35-462E-8E66-3DD0BA0DF529}.Release|iPhoneSimulator.ActiveCfg = Release|Any CPU
		{9D05CA2D-6F35-462E-8E66-3DD0BA0DF529}.Release|iPhoneSimulator.Build.0 = Release|Any CPU
		{9D05CA2D-6F35-462E-8E66-3DD0BA0DF529}.Release|iPhoneSimulator.Deploy.0 = Release|Any CPU
		{9D05CA2D-6F35-462E-8E66-3DD0BA0DF529}.Release|x64.ActiveCfg = Release|Any CPU
		{9D05CA2D-6F35-462E-8E66-3DD0BA0DF529}.Release|x64.Build.0 = Release|Any CPU
		{9D05CA2D-6F35-462E-8E66-3DD0BA0DF529}.Release|x64.Deploy.0 = Release|Any CPU
		{9D05CA2D-6F35-462E-8E66-3DD0BA0DF529}.Release|x86.ActiveCfg = Release|Any CPU
		{9D05CA2D-6F35-462E-8E66-3DD0BA0DF529}.Release|x86.Build.0 = Release|Any CPU
		{9D05CA2D-6F35-462E-8E66-3DD0BA0DF529}.Release|x86.Deploy.0 = Release|Any CPU
		{ADC73624-0A41-4509-8EAF-7D6E148085A0}.Ad-Hoc|Any CPU.ActiveCfg = Release|Any CPU
		{ADC73624-0A41-4509-8EAF-7D6E148085A0}.Ad-Hoc|Any CPU.Build.0 = Release|Any CPU
		{ADC73624-0A41-4509-8EAF-7D6E148085A0}.Ad-Hoc|ARM.ActiveCfg = Release|Any CPU
		{ADC73624-0A41-4509-8EAF-7D6E148085A0}.Ad-Hoc|ARM.Build.0 = Release|Any CPU
		{ADC73624-0A41-4509-8EAF-7D6E148085A0}.Ad-Hoc|iPhone.ActiveCfg = Release|Any CPU
		{ADC73624-0A41-4509-8EAF-7D6E148085A0}.Ad-Hoc|iPhone.Build.0 = Release|Any CPU
		{ADC73624-0A41-4509-8EAF-7D6E148085A0}.Ad-Hoc|iPhoneSimulator.ActiveCfg = Release|Any CPU
		{ADC73624-0A41-4509-8EAF-7D6E148085A0}.Ad-Hoc|iPhoneSimulator.Build.0 = Release|Any CPU
		{ADC73624-0A41-4509-8EAF-7D6E148085A0}.Ad-Hoc|x64.ActiveCfg = Release|Any CPU
		{ADC73624-0A41-4509-8EAF-7D6E148085A0}.Ad-Hoc|x64.Build.0 = Release|Any CPU
		{ADC73624-0A41-4509-8EAF-7D6E148085A0}.Ad-Hoc|x86.ActiveCfg = Release|Any CPU
		{ADC73624-0A41-4509-8EAF-7D6E148085A0}.Ad-Hoc|x86.Build.0 = Release|Any CPU
		{ADC73624-0A41-4509-8EAF-7D6E148085A0}.AppStore|Any CPU.ActiveCfg = Release|Any CPU
		{ADC73624-0A41-4509-8EAF-7D6E148085A0}.AppStore|Any CPU.Build.0 = Release|Any CPU
		{ADC73624-0A41-4509-8EAF-7D6E148085A0}.AppStore|ARM.ActiveCfg = Release|Any CPU
		{ADC73624-0A41-4509-8EAF-7D6E148085A0}.AppStore|ARM.Build.0 = Release|Any CPU
		{ADC73624-0A41-4509-8EAF-7D6E148085A0}.AppStore|iPhone.ActiveCfg = Release|Any CPU
		{ADC73624-0A41-4509-8EAF-7D6E148085A0}.AppStore|iPhone.Build.0 = Release|Any CPU
		{ADC73624-0A41-4509-8EAF-7D6E148085A0}.AppStore|iPhoneSimulator.ActiveCfg = Release|Any CPU
		{ADC73624-0A41-4509-8EAF-7D6E148085A0}.AppStore|iPhoneSimulator.Build.0 = Release|Any CPU
		{ADC73624-0A41-4509-8EAF-7D6E148085A0}.AppStore|x64.ActiveCfg = Release|Any CPU
		{ADC73624-0A41-4509-8EAF-7D6E148085A0}.AppStore|x64.Build.0 = Release|Any CPU
		{ADC73624-0A41-4509-8EAF-7D6E148085A0}.AppStore|x86.ActiveCfg = Release|Any CPU
		{ADC73624-0A41-4509-8EAF-7D6E148085A0}.AppStore|x86.Build.0 = Release|Any CPU
		{ADC73624-0A41-4509-8EAF-7D6E148085A0}.Debug|Any CPU.ActiveCfg = Debug|Any CPU
		{ADC73624-0A41-4509-8EAF-7D6E148085A0}.Debug|Any CPU.Build.0 = Debug|Any CPU
		{ADC73624-0A41-4509-8EAF-7D6E148085A0}.Debug|ARM.ActiveCfg = Debug|Any CPU
		{ADC73624-0A41-4509-8EAF-7D6E148085A0}.Debug|ARM.Build.0 = Debug|Any CPU
		{ADC73624-0A41-4509-8EAF-7D6E148085A0}.Debug|iPhone.ActiveCfg = Debug|Any CPU
		{ADC73624-0A41-4509-8EAF-7D6E148085A0}.Debug|iPhone.Build.0 = Debug|Any CPU
		{ADC73624-0A41-4509-8EAF-7D6E148085A0}.Debug|iPhoneSimulator.ActiveCfg = Debug|Any CPU
		{ADC73624-0A41-4509-8EAF-7D6E148085A0}.Debug|iPhoneSimulator.Build.0 = Debug|Any CPU
		{ADC73624-0A41-4509-8EAF-7D6E148085A0}.Debug|x64.ActiveCfg = Debug|Any CPU
		{ADC73624-0A41-4509-8EAF-7D6E148085A0}.Debug|x64.Build.0 = Debug|Any CPU
		{ADC73624-0A41-4509-8EAF-7D6E148085A0}.Debug|x86.ActiveCfg = Debug|Any CPU
		{ADC73624-0A41-4509-8EAF-7D6E148085A0}.Debug|x86.Build.0 = Debug|Any CPU
		{ADC73624-0A41-4509-8EAF-7D6E148085A0}.Release|Any CPU.ActiveCfg = Release|Any CPU
		{ADC73624-0A41-4509-8EAF-7D6E148085A0}.Release|Any CPU.Build.0 = Release|Any CPU
		{ADC73624-0A41-4509-8EAF-7D6E148085A0}.Release|ARM.ActiveCfg = Release|Any CPU
		{ADC73624-0A41-4509-8EAF-7D6E148085A0}.Release|ARM.Build.0 = Release|Any CPU
		{ADC73624-0A41-4509-8EAF-7D6E148085A0}.Release|iPhone.ActiveCfg = Release|Any CPU
		{ADC73624-0A41-4509-8EAF-7D6E148085A0}.Release|iPhone.Build.0 = Release|Any CPU
		{ADC73624-0A41-4509-8EAF-7D6E148085A0}.Release|iPhoneSimulator.ActiveCfg = Release|Any CPU
		{ADC73624-0A41-4509-8EAF-7D6E148085A0}.Release|iPhoneSimulator.Build.0 = Release|Any CPU
		{ADC73624-0A41-4509-8EAF-7D6E148085A0}.Release|x64.ActiveCfg = Release|Any CPU
		{ADC73624-0A41-4509-8EAF-7D6E148085A0}.Release|x64.Build.0 = Release|Any CPU
		{ADC73624-0A41-4509-8EAF-7D6E148085A0}.Release|x86.ActiveCfg = Release|Any CPU
		{ADC73624-0A41-4509-8EAF-7D6E148085A0}.Release|x86.Build.0 = Release|Any CPU
		{9EE634FB-AA72-4B7E-96AE-93BD248CD889}.Ad-Hoc|Any CPU.ActiveCfg = Release|x86
		{9EE634FB-AA72-4B7E-96AE-93BD248CD889}.Ad-Hoc|Any CPU.Build.0 = Release|x86
		{9EE634FB-AA72-4B7E-96AE-93BD248CD889}.Ad-Hoc|Any CPU.Deploy.0 = Release|x86
		{9EE634FB-AA72-4B7E-96AE-93BD248CD889}.Ad-Hoc|ARM.ActiveCfg = Release|ARM
		{9EE634FB-AA72-4B7E-96AE-93BD248CD889}.Ad-Hoc|ARM.Build.0 = Release|ARM
		{9EE634FB-AA72-4B7E-96AE-93BD248CD889}.Ad-Hoc|ARM.Deploy.0 = Release|ARM
		{9EE634FB-AA72-4B7E-96AE-93BD248CD889}.Ad-Hoc|iPhone.ActiveCfg = Release|x86
		{9EE634FB-AA72-4B7E-96AE-93BD248CD889}.Ad-Hoc|iPhone.Build.0 = Release|x86
		{9EE634FB-AA72-4B7E-96AE-93BD248CD889}.Ad-Hoc|iPhone.Deploy.0 = Release|x86
		{9EE634FB-AA72-4B7E-96AE-93BD248CD889}.Ad-Hoc|iPhoneSimulator.ActiveCfg = Release|x86
		{9EE634FB-AA72-4B7E-96AE-93BD248CD889}.Ad-Hoc|iPhoneSimulator.Build.0 = Release|x86
		{9EE634FB-AA72-4B7E-96AE-93BD248CD889}.Ad-Hoc|iPhoneSimulator.Deploy.0 = Release|x86
		{9EE634FB-AA72-4B7E-96AE-93BD248CD889}.Ad-Hoc|x64.ActiveCfg = Release|x64
		{9EE634FB-AA72-4B7E-96AE-93BD248CD889}.Ad-Hoc|x64.Build.0 = Release|x64
		{9EE634FB-AA72-4B7E-96AE-93BD248CD889}.Ad-Hoc|x64.Deploy.0 = Release|x64
		{9EE634FB-AA72-4B7E-96AE-93BD248CD889}.Ad-Hoc|x86.ActiveCfg = Release|x86
		{9EE634FB-AA72-4B7E-96AE-93BD248CD889}.Ad-Hoc|x86.Build.0 = Release|x86
		{9EE634FB-AA72-4B7E-96AE-93BD248CD889}.Ad-Hoc|x86.Deploy.0 = Release|x86
		{9EE634FB-AA72-4B7E-96AE-93BD248CD889}.AppStore|Any CPU.ActiveCfg = Release|x86
		{9EE634FB-AA72-4B7E-96AE-93BD248CD889}.AppStore|Any CPU.Build.0 = Release|x86
		{9EE634FB-AA72-4B7E-96AE-93BD248CD889}.AppStore|Any CPU.Deploy.0 = Release|x86
		{9EE634FB-AA72-4B7E-96AE-93BD248CD889}.AppStore|ARM.ActiveCfg = Release|ARM
		{9EE634FB-AA72-4B7E-96AE-93BD248CD889}.AppStore|ARM.Build.0 = Release|ARM
		{9EE634FB-AA72-4B7E-96AE-93BD248CD889}.AppStore|ARM.Deploy.0 = Release|ARM
		{9EE634FB-AA72-4B7E-96AE-93BD248CD889}.AppStore|iPhone.ActiveCfg = Release|x86
		{9EE634FB-AA72-4B7E-96AE-93BD248CD889}.AppStore|iPhone.Build.0 = Release|x86
		{9EE634FB-AA72-4B7E-96AE-93BD248CD889}.AppStore|iPhone.Deploy.0 = Release|x86
		{9EE634FB-AA72-4B7E-96AE-93BD248CD889}.AppStore|iPhoneSimulator.ActiveCfg = Release|x86
		{9EE634FB-AA72-4B7E-96AE-93BD248CD889}.AppStore|iPhoneSimulator.Build.0 = Release|x86
		{9EE634FB-AA72-4B7E-96AE-93BD248CD889}.AppStore|iPhoneSimulator.Deploy.0 = Release|x86
		{9EE634FB-AA72-4B7E-96AE-93BD248CD889}.AppStore|x64.ActiveCfg = Release|x64
		{9EE634FB-AA72-4B7E-96AE-93BD248CD889}.AppStore|x64.Build.0 = Release|x64
		{9EE634FB-AA72-4B7E-96AE-93BD248CD889}.AppStore|x64.Deploy.0 = Release|x64
		{9EE634FB-AA72-4B7E-96AE-93BD248CD889}.AppStore|x86.ActiveCfg = Release|x86
		{9EE634FB-AA72-4B7E-96AE-93BD248CD889}.AppStore|x86.Build.0 = Release|x86
		{9EE634FB-AA72-4B7E-96AE-93BD248CD889}.AppStore|x86.Deploy.0 = Release|x86
		{9EE634FB-AA72-4B7E-96AE-93BD248CD889}.Debug|Any CPU.ActiveCfg = Debug|x86
		{9EE634FB-AA72-4B7E-96AE-93BD248CD889}.Debug|Any CPU.Build.0 = Debug|x86
		{9EE634FB-AA72-4B7E-96AE-93BD248CD889}.Debug|Any CPU.Deploy.0 = Debug|x86
		{9EE634FB-AA72-4B7E-96AE-93BD248CD889}.Debug|ARM.ActiveCfg = Debug|ARM
		{9EE634FB-AA72-4B7E-96AE-93BD248CD889}.Debug|ARM.Build.0 = Debug|ARM
		{9EE634FB-AA72-4B7E-96AE-93BD248CD889}.Debug|ARM.Deploy.0 = Debug|ARM
		{9EE634FB-AA72-4B7E-96AE-93BD248CD889}.Debug|iPhone.ActiveCfg = Debug|x86
		{9EE634FB-AA72-4B7E-96AE-93BD248CD889}.Debug|iPhoneSimulator.ActiveCfg = Debug|x86
		{9EE634FB-AA72-4B7E-96AE-93BD248CD889}.Debug|x64.ActiveCfg = Debug|x64
		{9EE634FB-AA72-4B7E-96AE-93BD248CD889}.Debug|x64.Build.0 = Debug|x64
		{9EE634FB-AA72-4B7E-96AE-93BD248CD889}.Debug|x64.Deploy.0 = Debug|x64
		{9EE634FB-AA72-4B7E-96AE-93BD248CD889}.Debug|x86.ActiveCfg = Debug|x86
		{9EE634FB-AA72-4B7E-96AE-93BD248CD889}.Debug|x86.Build.0 = Debug|x86
		{9EE634FB-AA72-4B7E-96AE-93BD248CD889}.Debug|x86.Deploy.0 = Debug|x86
		{9EE634FB-AA72-4B7E-96AE-93BD248CD889}.Release|Any CPU.ActiveCfg = Release|x86
		{9EE634FB-AA72-4B7E-96AE-93BD248CD889}.Release|ARM.ActiveCfg = Release|ARM
		{9EE634FB-AA72-4B7E-96AE-93BD248CD889}.Release|ARM.Build.0 = Release|ARM
		{9EE634FB-AA72-4B7E-96AE-93BD248CD889}.Release|ARM.Deploy.0 = Release|ARM
		{9EE634FB-AA72-4B7E-96AE-93BD248CD889}.Release|iPhone.ActiveCfg = Release|x86
		{9EE634FB-AA72-4B7E-96AE-93BD248CD889}.Release|iPhoneSimulator.ActiveCfg = Release|x86
		{9EE634FB-AA72-4B7E-96AE-93BD248CD889}.Release|x64.ActiveCfg = Release|x64
		{9EE634FB-AA72-4B7E-96AE-93BD248CD889}.Release|x64.Build.0 = Release|x64
		{9EE634FB-AA72-4B7E-96AE-93BD248CD889}.Release|x64.Deploy.0 = Release|x64
		{9EE634FB-AA72-4B7E-96AE-93BD248CD889}.Release|x86.ActiveCfg = Release|x86
		{9EE634FB-AA72-4B7E-96AE-93BD248CD889}.Release|x86.Build.0 = Release|x86
		{9EE634FB-AA72-4B7E-96AE-93BD248CD889}.Release|x86.Deploy.0 = Release|x86
		{3533AC2C-FB20-4618-84E1-F54AC34FBAFE}.Ad-Hoc|Any CPU.ActiveCfg = Ad-Hoc|iPhone
		{3533AC2C-FB20-4618-84E1-F54AC34FBAFE}.Ad-Hoc|ARM.ActiveCfg = Ad-Hoc|iPhone
		{3533AC2C-FB20-4618-84E1-F54AC34FBAFE}.Ad-Hoc|iPhone.ActiveCfg = Ad-Hoc|iPhone
		{3533AC2C-FB20-4618-84E1-F54AC34FBAFE}.Ad-Hoc|iPhone.Build.0 = Ad-Hoc|iPhone
		{3533AC2C-FB20-4618-84E1-F54AC34FBAFE}.Ad-Hoc|iPhoneSimulator.ActiveCfg = Ad-Hoc|iPhoneSimulator
		{3533AC2C-FB20-4618-84E1-F54AC34FBAFE}.Ad-Hoc|iPhoneSimulator.Build.0 = Ad-Hoc|iPhoneSimulator
		{3533AC2C-FB20-4618-84E1-F54AC34FBAFE}.Ad-Hoc|x64.ActiveCfg = Ad-Hoc|iPhone
		{3533AC2C-FB20-4618-84E1-F54AC34FBAFE}.Ad-Hoc|x86.ActiveCfg = Ad-Hoc|iPhone
		{3533AC2C-FB20-4618-84E1-F54AC34FBAFE}.AppStore|Any CPU.ActiveCfg = AppStore|iPhone
		{3533AC2C-FB20-4618-84E1-F54AC34FBAFE}.AppStore|ARM.ActiveCfg = AppStore|iPhone
		{3533AC2C-FB20-4618-84E1-F54AC34FBAFE}.AppStore|iPhone.ActiveCfg = AppStore|iPhone
		{3533AC2C-FB20-4618-84E1-F54AC34FBAFE}.AppStore|iPhone.Build.0 = AppStore|iPhone
		{3533AC2C-FB20-4618-84E1-F54AC34FBAFE}.AppStore|iPhoneSimulator.ActiveCfg = AppStore|iPhoneSimulator
		{3533AC2C-FB20-4618-84E1-F54AC34FBAFE}.AppStore|iPhoneSimulator.Build.0 = AppStore|iPhoneSimulator
		{3533AC2C-FB20-4618-84E1-F54AC34FBAFE}.AppStore|x64.ActiveCfg = AppStore|iPhone
		{3533AC2C-FB20-4618-84E1-F54AC34FBAFE}.AppStore|x86.ActiveCfg = AppStore|iPhone
		{3533AC2C-FB20-4618-84E1-F54AC34FBAFE}.Debug|Any CPU.ActiveCfg = Debug|iPhone
		{3533AC2C-FB20-4618-84E1-F54AC34FBAFE}.Debug|ARM.ActiveCfg = Debug|iPhone
		{3533AC2C-FB20-4618-84E1-F54AC34FBAFE}.Debug|iPhone.ActiveCfg = Debug|iPhone
		{3533AC2C-FB20-4618-84E1-F54AC34FBAFE}.Debug|iPhone.Build.0 = Debug|iPhone
		{3533AC2C-FB20-4618-84E1-F54AC34FBAFE}.Debug|iPhoneSimulator.ActiveCfg = Debug|iPhoneSimulator
		{3533AC2C-FB20-4618-84E1-F54AC34FBAFE}.Debug|iPhoneSimulator.Build.0 = Debug|iPhoneSimulator
		{3533AC2C-FB20-4618-84E1-F54AC34FBAFE}.Debug|x64.ActiveCfg = Debug|iPhone
		{3533AC2C-FB20-4618-84E1-F54AC34FBAFE}.Debug|x86.ActiveCfg = Debug|iPhone
		{3533AC2C-FB20-4618-84E1-F54AC34FBAFE}.Release|Any CPU.ActiveCfg = Release|iPhone
		{3533AC2C-FB20-4618-84E1-F54AC34FBAFE}.Release|ARM.ActiveCfg = Release|iPhone
		{3533AC2C-FB20-4618-84E1-F54AC34FBAFE}.Release|iPhone.ActiveCfg = Release|iPhone
		{3533AC2C-FB20-4618-84E1-F54AC34FBAFE}.Release|iPhone.Build.0 = Release|iPhone
		{3533AC2C-FB20-4618-84E1-F54AC34FBAFE}.Release|iPhoneSimulator.ActiveCfg = Release|iPhoneSimulator
		{3533AC2C-FB20-4618-84E1-F54AC34FBAFE}.Release|iPhoneSimulator.Build.0 = Release|iPhoneSimulator
		{3533AC2C-FB20-4618-84E1-F54AC34FBAFE}.Release|x64.ActiveCfg = Release|iPhone
		{3533AC2C-FB20-4618-84E1-F54AC34FBAFE}.Release|x86.ActiveCfg = Release|iPhone
	EndGlobalSection
	GlobalSection(SolutionProperties) = preSolution
		HideSolutionNode = FALSE
	EndGlobalSection
EndGlobal
